
Microsoft Visual Studio Solution File, Format Version 12.00
# Visual Studio Version 18
VisualStudioVersion = 18.0.11205.157
MinimumVisualStudioVersion = 10.0.40219.1
Project("{FAE04EC0-301F-11D3-BF4B-00C04F79EFBC}") = "Task1-1", "Task1-1\Task1-1.csproj", "{C9BCD6B4-3721-430E-B8AA-790A27D07C3C}"
EndProject
Project("{FAE04EC0-301F-11D3-BF4B-00C04F79EFBC}") = "Таsk3-6", "Таsk3-6\Таsk3-6.csproj", "{9EDD6C38-0425-4987-A5C6-5EBC844D7D9C}"
EndProject
Project("{FAE04EC0-301F-11D3-BF4B-00C04F79EFBC}") = "Task4-1", "Task4-1\Task4-1.csproj", "{5A5CF5F5-0ABE-4581-988F-B52DC1CB6470}"
EndProject
Project("{FAE04EC0-301F-11D3-BF4B-00C04F79EFBC}") = "Task4-3-1", "Task4-3-1\Task4-3-1.csproj", "{D4FC9502-C99D-4553-8F61-FFD72FC6CE25}"
EndProject
Project("{FAE04EC0-301F-11D3-BF4B-00C04F79EFBC}") = "Task4-3-2", "Task4-3-2\Task4-3-2.csproj", "{3DC3B8AF-8C0D-4D68-8ED2-F18FE15C1CBD}"
EndProject
Project("{FAE04EC0-301F-11D3-BF4B-00C04F79EFBC}") = "Task4-4-1", "Task4-4-1\Task4-4-1.csproj", "{C621CAC5-CFED-4388-97E9-73BC5747664E}"
EndProject
Project("{2150E333-8FDC-42A3-9474-1A3956D46DE8}") = "Task 1", "Task 1", "{156A4249-0DF9-4B6F-A75A-4566001F07FD}"
EndProject
Project("{2150E333-8FDC-42A3-9474-1A3956D46DE8}") = "Task 3", "Task 3", "{CD6EE84F-0255-4FBF-9F30-9C5B718D33A8}"
EndProject
Project("{2150E333-8FDC-42A3-9474-1A3956D46DE8}") = "Task 4", "Task 4", "{7B3BD6A0-45CE-4837-9AFE-758A69E8E11A}"
EndProject
Project("{FAE04EC0-301F-11D3-BF4B-00C04F79EFBC}") = "Task4-5-1", "Task4-5-1\Task4-5-1.csproj", "{D212F25E-95B2-4796-AD8C-8282DBDE79C6}"
EndProject
Project("{2150E333-8FDC-42A3-9474-1A3956D46DE8}") = "Task 5", "Task 5", "{9BDE83C9-1D23-49AA-9CE6-DC68D6FB4FD4}"
EndProject
Project("{FAE04EC0-301F-11D3-BF4B-00C04F79EFBC}") = "Таsk 5-1", "Таsk 5-1\Таsk 5-1.csproj", "{9E16F893-8D25-41F4-B7F5-91210900392E}"
EndProject
Project("{FAE04EC0-301F-11D3-BF4B-00C04F79EFBC}") = "Task 5-2", "Task 5-2\Task 5-2.csproj", "{2B2DEB70-90ED-4C66-B9B5-F8BDF5925D90}"
EndProject
Project("{2150E333-8FDC-42A3-9474-1A3956D46DE8}") = "Task 6", "Task 6", "{FCC0B082-4C29-4D8C-9009-7C46480F78E1}"
EndProject
Project("{FAE04EC0-301F-11D3-BF4B-00C04F79EFBC}") = "Task 5-3", "Task5-3\Task 5-3.csproj", "{16407459-504F-4012-817F-8E5D363BAA3C}"
EndProject
Project("{FAE04EC0-301F-11D3-BF4B-00C04F79EFBC}") = "Task 5-4-1", "Task 5-4\Task 5-4-1.csproj", "{94D1F99F-6447-4121-9DA7-1E32B4EA60A5}"
EndProject
Project("{FAE04EC0-301F-11D3-BF4B-00C04F79EFBC}") = "Task 5-5-3", "Task 5-5-3\Task 5-5-3.csproj", "{784D28CF-AC18-43D4-849B-84762E8978DC}"
EndProject
Project("{FAE04EC0-301F-11D3-BF4B-00C04F79EFBC}") = "Task 5-6_To_mentor", "Task 5-6_To_mentor\Task 5-6_To_mentor.csproj", "{21CE45F1-D954-4186-85F7-3B623C4AFC97}"
EndProject
Project("{FAE04EC0-301F-11D3-BF4B-00C04F79EFBC}") = "Task 6-2-2", "Task 6-2-2\Task 6-2-2.csproj", "{B04A665C-88D9-443C-A9AE-011695D51839}"
EndProject
Project("{FAE04EC0-301F-11D3-BF4B-00C04F79EFBC}") = "Task 6-3-1", "Task 6-3\Task 6-3-1.csproj", "{BAF9BA85-316D-4D02-88A1-DCF17716AD35}"
EndProject
Project("{FAE04EC0-301F-11D3-BF4B-00C04F79EFBC}") = "Task 6-3-2", "Task 6-3-2\Task 6-3-2.csproj", "{7A1EA0D4-EF9E-4644-8B64-FBF86B09261A}"
EndProject
Project("{FAE04EC0-301F-11D3-BF4B-00C04F79EFBC}") = "Task 6-6-1", "Task 6-6-1\Task 6-6-1.csproj", "{97B7013C-AA6A-4240-BC7B-9EB4846F5BA0}"
EndProject
Project("{2150E333-8FDC-42A3-9474-1A3956D46DE8}") = "Task 7", "Task 7", "{49FA0EFA-AE13-4B77-B827-030F6E043DF8}"
EndProject
Project("{FAE04EC0-301F-11D3-BF4B-00C04F79EFBC}") = "Task 7-1", "Task 7-1-4\Task 7-1.csproj", "{08A840A9-5D67-4021-8966-58836C7F8ED3}"
EndProject
Project("{FAE04EC0-301F-11D3-BF4B-00C04F79EFBC}") = "Task 7-2-3", "Task 7-2-3\Task 7-2-3.csproj", "{5C025B3D-0658-4AD2-9FBA-CB8AC9DC8592}"
EndProject
Project("{FAE04EC0-301F-11D3-BF4B-00C04F79EFBC}") = "Task 7-2-8", "Task 7-2-8\Task 7-2-8.csproj", "{31CD811B-1D4A-432D-8BFD-ED345A869219}"
EndProject
Project("{FAE04EC0-301F-11D3-BF4B-00C04F79EFBC}") = "Task 7-2-12", "Task 7-2-12\Task 7-2-12.csproj", "{4FE985CF-FBE6-4492-B0C2-0610776CB3B6}"
EndProject
Project("{FAE04EC0-301F-11D3-BF4B-00C04F79EFBC}") = "Task 7-2-14", "Task 7-2-14\Task 7-2-14.csproj", "{903627CB-B921-467F-8015-9F855189E59D}"
EndProject
Project("{FAE04EC0-301F-11D3-BF4B-00C04F79EFBC}") = "Task 7-3-3", "Task 7-3-3\Task 7-3-3.csproj", "{CFFC680C-C8EB-4591-992D-5AADE924361D}"
EndProject
Project("{FAE04EC0-301F-11D3-BF4B-00C04F79EFBC}") = "Task 7-5-2", "Task 7-5-2\Task 7-5-2.csproj", "{D06330E6-D416-4D79-9E8D-7FFA1740B5DD}"
EndProject
Project("{FAE04EC0-301F-11D3-BF4B-00C04F79EFBC}") = "Task 7-5-3", "Task 7-5-3\Task 7-5-3.csproj", "{027BA9CB-6C88-4475-B0E7-F1E8EE759DA6}"
EndProject
Project("{FAE04EC0-301F-11D3-BF4B-00C04F79EFBC}") = "Task 7-5-5", "Task 7-5-5\Task 7-5-5.csproj", "{F5223CC2-D168-4AC1-9E08-DD5524A30F49}"
EndProject
Project("{FAE04EC0-301F-11D3-BF4B-00C04F79EFBC}") = "Task 7-5-9", "Task 7-5-9\Task 7-5-9.csproj", "{104FED66-4AD0-4878-B2E4-4DE22BAD043B}"
EndProject
Project("{FAE04EC0-301F-11D3-BF4B-00C04F79EFBC}") = "Task 7-6-2", "Task 7-6-2\Task 7-6-2.csproj", "{2FE20417-E665-40E5-88BB-D8FBC83EB62D}"
EndProject
Project("{FAE04EC0-301F-11D3-BF4B-00C04F79EFBC}") = "Task 7-6-6", "Task 7-6-6\Task 7-6-6.csproj", "{8331FA22-F18D-4D54-B2B9-A6CA39F998F6}"
EndProject
Project("{FAE04EC0-301F-11D3-BF4B-00C04F79EFBC}") = "Task 7 Exam", "Task 7 Exam\Task 7 Exam.csproj", "{AADC95F8-3F9A-451D-8790-72B0BA4D09BD}"
EndProject
Project("{2150E333-8FDC-42A3-9474-1A3956D46DE8}") = "Task 8", "Task 8", "{29B2F76E-22E3-4E88-9051-8B3D82C02412}"
EndProject
Project("{FAE04EC0-301F-11D3-BF4B-00C04F79EFBC}") = "Task 8-1", "Task 8-1\Task 8-1.csproj", "{5554599E-3B4C-4DB2-9224-ABF3464F1922}"
EndProject
Project("{FAE04EC0-301F-11D3-BF4B-00C04F79EFBC}") = "Task 8-2", "Task 8-2\Task 8-2.csproj", "{7CA4A508-0900-4852-8194-F05D50CD6185}"
EndProject
Project("{FAE04EC0-301F-11D3-BF4B-00C04F79EFBC}") = "Task 8-2-1", "Task 8-2-1\Task 8-2-1.csproj", "{25F023E9-3522-45C1-915B-B95947F5584C}"
EndProject
Project("{FAE04EC0-301F-11D3-BF4B-00C04F79EFBC}") = "Task 8-2-4", "Task 8-2-4\Task 8-2-4.csproj", "{84CC58AE-1857-481E-B310-D51BD69F495E}"
EndProject
Project("{FAE04EC0-301F-11D3-BF4B-00C04F79EFBC}") = "Task 8-3-1", "Task 8-3-1\Task 8-3-1.csproj", "{4501B164-588F-4EF0-A9B0-5A1212E8B027}"
EndProject
Project("{FAE04EC0-301F-11D3-BF4B-00C04F79EFBC}") = "Task 8-2.2", "Task 8-2.2\Task 8-2.2.csproj", "{BC43BD1C-D85D-46A2-B9E6-737E944A61E4}"
EndProject
Project("{FAE04EC0-301F-11D3-BF4B-00C04F79EFBC}") = "Task 8-3-2", "Task 8-3-2\Task 8-3-2.csproj", "{D952F750-BD18-4B0D-AF4A-60FD70BE823C}"
EndProject
Project("{FAE04EC0-301F-11D3-BF4B-00C04F79EFBC}") = "Task 8-4-1", "Task 8-4-1\Task 8-4-1.csproj", "{2F5DFB19-5E8F-4978-BC28-71E12CD72038}"
EndProject
Project("{FAE04EC0-301F-11D3-BF4B-00C04F79EFBC}") = "Ex 8-4", "Ex 8-4\Ex 8-4.csproj", "{EF75DAE2-F13F-4EAA-AC0D-DB6309341019}"
EndProject
Project("{FAE04EC0-301F-11D3-BF4B-00C04F79EFBC}") = "Task 8-4-3", "Task 8-4-3\Task 8-4-3.csproj", "{08FA2901-1248-4D5E-BC70-470862189625}"
EndProject
Global
	GlobalSection(SolutionConfigurationPlatforms) = preSolution
		Debug|Any CPU = Debug|Any CPU
		Release|Any CPU = Release|Any CPU
	EndGlobalSection
	GlobalSection(ProjectConfigurationPlatforms) = postSolution
		{C9BCD6B4-3721-430E-B8AA-790A27D07C3C}.Debug|Any CPU.ActiveCfg = Debug|Any CPU
		{C9BCD6B4-3721-430E-B8AA-790A27D07C3C}.Debug|Any CPU.Build.0 = Debug|Any CPU
		{C9BCD6B4-3721-430E-B8AA-790A27D07C3C}.Release|Any CPU.ActiveCfg = Release|Any CPU
		{C9BCD6B4-3721-430E-B8AA-790A27D07C3C}.Release|Any CPU.Build.0 = Release|Any CPU
		{9EDD6C38-0425-4987-A5C6-5EBC844D7D9C}.Debug|Any CPU.ActiveCfg = Debug|Any CPU
		{9EDD6C38-0425-4987-A5C6-5EBC844D7D9C}.Debug|Any CPU.Build.0 = Debug|Any CPU
		{9EDD6C38-0425-4987-A5C6-5EBC844D7D9C}.Release|Any CPU.ActiveCfg = Release|Any CPU
		{9EDD6C38-0425-4987-A5C6-5EBC844D7D9C}.Release|Any CPU.Build.0 = Release|Any CPU
		{5A5CF5F5-0ABE-4581-988F-B52DC1CB6470}.Debug|Any CPU.ActiveCfg = Debug|Any CPU
		{5A5CF5F5-0ABE-4581-988F-B52DC1CB6470}.Debug|Any CPU.Build.0 = Debug|Any CPU
		{5A5CF5F5-0ABE-4581-988F-B52DC1CB6470}.Release|Any CPU.ActiveCfg = Release|Any CPU
		{5A5CF5F5-0ABE-4581-988F-B52DC1CB6470}.Release|Any CPU.Build.0 = Release|Any CPU
		{D4FC9502-C99D-4553-8F61-FFD72FC6CE25}.Debug|Any CPU.ActiveCfg = Debug|Any CPU
		{D4FC9502-C99D-4553-8F61-FFD72FC6CE25}.Debug|Any CPU.Build.0 = Debug|Any CPU
		{D4FC9502-C99D-4553-8F61-FFD72FC6CE25}.Release|Any CPU.ActiveCfg = Release|Any CPU
		{D4FC9502-C99D-4553-8F61-FFD72FC6CE25}.Release|Any CPU.Build.0 = Release|Any CPU
		{3DC3B8AF-8C0D-4D68-8ED2-F18FE15C1CBD}.Debug|Any CPU.ActiveCfg = Debug|Any CPU
		{3DC3B8AF-8C0D-4D68-8ED2-F18FE15C1CBD}.Debug|Any CPU.Build.0 = Debug|Any CPU
		{3DC3B8AF-8C0D-4D68-8ED2-F18FE15C1CBD}.Release|Any CPU.ActiveCfg = Release|Any CPU
		{3DC3B8AF-8C0D-4D68-8ED2-F18FE15C1CBD}.Release|Any CPU.Build.0 = Release|Any CPU
		{C621CAC5-CFED-4388-97E9-73BC5747664E}.Debug|Any CPU.ActiveCfg = Debug|Any CPU
		{C621CAC5-CFED-4388-97E9-73BC5747664E}.Debug|Any CPU.Build.0 = Debug|Any CPU
		{C621CAC5-CFED-4388-97E9-73BC5747664E}.Release|Any CPU.ActiveCfg = Release|Any CPU
		{C621CAC5-CFED-4388-97E9-73BC5747664E}.Release|Any CPU.Build.0 = Release|Any CPU
		{D212F25E-95B2-4796-AD8C-8282DBDE79C6}.Debug|Any CPU.ActiveCfg = Debug|Any CPU
		{D212F25E-95B2-4796-AD8C-8282DBDE79C6}.Debug|Any CPU.Build.0 = Debug|Any CPU
		{D212F25E-95B2-4796-AD8C-8282DBDE79C6}.Release|Any CPU.ActiveCfg = Release|Any CPU
		{D212F25E-95B2-4796-AD8C-8282DBDE79C6}.Release|Any CPU.Build.0 = Release|Any CPU
		{9E16F893-8D25-41F4-B7F5-91210900392E}.Debug|Any CPU.ActiveCfg = Debug|Any CPU
		{9E16F893-8D25-41F4-B7F5-91210900392E}.Debug|Any CPU.Build.0 = Debug|Any CPU
		{9E16F893-8D25-41F4-B7F5-91210900392E}.Release|Any CPU.ActiveCfg = Release|Any CPU
		{9E16F893-8D25-41F4-B7F5-91210900392E}.Release|Any CPU.Build.0 = Release|Any CPU
		{2B2DEB70-90ED-4C66-B9B5-F8BDF5925D90}.Debug|Any CPU.ActiveCfg = Debug|Any CPU
		{2B2DEB70-90ED-4C66-B9B5-F8BDF5925D90}.Debug|Any CPU.Build.0 = Debug|Any CPU
		{2B2DEB70-90ED-4C66-B9B5-F8BDF5925D90}.Release|Any CPU.ActiveCfg = Release|Any CPU
		{2B2DEB70-90ED-4C66-B9B5-F8BDF5925D90}.Release|Any CPU.Build.0 = Release|Any CPU
		{16407459-504F-4012-817F-8E5D363BAA3C}.Debug|Any CPU.ActiveCfg = Debug|Any CPU
		{16407459-504F-4012-817F-8E5D363BAA3C}.Debug|Any CPU.Build.0 = Debug|Any CPU
		{16407459-504F-4012-817F-8E5D363BAA3C}.Release|Any CPU.ActiveCfg = Release|Any CPU
		{16407459-504F-4012-817F-8E5D363BAA3C}.Release|Any CPU.Build.0 = Release|Any CPU
		{94D1F99F-6447-4121-9DA7-1E32B4EA60A5}.Debug|Any CPU.ActiveCfg = Debug|Any CPU
		{94D1F99F-6447-4121-9DA7-1E32B4EA60A5}.Debug|Any CPU.Build.0 = Debug|Any CPU
		{94D1F99F-6447-4121-9DA7-1E32B4EA60A5}.Release|Any CPU.ActiveCfg = Release|Any CPU
		{94D1F99F-6447-4121-9DA7-1E32B4EA60A5}.Release|Any CPU.Build.0 = Release|Any CPU
		{784D28CF-AC18-43D4-849B-84762E8978DC}.Debug|Any CPU.ActiveCfg = Debug|Any CPU
		{784D28CF-AC18-43D4-849B-84762E8978DC}.Debug|Any CPU.Build.0 = Debug|Any CPU
		{784D28CF-AC18-43D4-849B-84762E8978DC}.Release|Any CPU.ActiveCfg = Release|Any CPU
		{784D28CF-AC18-43D4-849B-84762E8978DC}.Release|Any CPU.Build.0 = Release|Any CPU
		{21CE45F1-D954-4186-85F7-3B623C4AFC97}.Debug|Any CPU.ActiveCfg = Debug|Any CPU
		{21CE45F1-D954-4186-85F7-3B623C4AFC97}.Debug|Any CPU.Build.0 = Debug|Any CPU
		{21CE45F1-D954-4186-85F7-3B623C4AFC97}.Release|Any CPU.ActiveCfg = Release|Any CPU
		{21CE45F1-D954-4186-85F7-3B623C4AFC97}.Release|Any CPU.Build.0 = Release|Any CPU
		{B04A665C-88D9-443C-A9AE-011695D51839}.Debug|Any CPU.ActiveCfg = Debug|Any CPU
		{B04A665C-88D9-443C-A9AE-011695D51839}.Debug|Any CPU.Build.0 = Debug|Any CPU
		{B04A665C-88D9-443C-A9AE-011695D51839}.Release|Any CPU.ActiveCfg = Release|Any CPU
		{B04A665C-88D9-443C-A9AE-011695D51839}.Release|Any CPU.Build.0 = Release|Any CPU
		{BAF9BA85-316D-4D02-88A1-DCF17716AD35}.Debug|Any CPU.ActiveCfg = Debug|Any CPU
		{BAF9BA85-316D-4D02-88A1-DCF17716AD35}.Debug|Any CPU.Build.0 = Debug|Any CPU
		{BAF9BA85-316D-4D02-88A1-DCF17716AD35}.Release|Any CPU.ActiveCfg = Release|Any CPU
		{BAF9BA85-316D-4D02-88A1-DCF17716AD35}.Release|Any CPU.Build.0 = Release|Any CPU
		{7A1EA0D4-EF9E-4644-8B64-FBF86B09261A}.Debug|Any CPU.ActiveCfg = Debug|Any CPU
		{7A1EA0D4-EF9E-4644-8B64-FBF86B09261A}.Debug|Any CPU.Build.0 = Debug|Any CPU
		{7A1EA0D4-EF9E-4644-8B64-FBF86B09261A}.Release|Any CPU.ActiveCfg = Release|Any CPU
		{7A1EA0D4-EF9E-4644-8B64-FBF86B09261A}.Release|Any CPU.Build.0 = Release|Any CPU
		{97B7013C-AA6A-4240-BC7B-9EB4846F5BA0}.Debug|Any CPU.ActiveCfg = Debug|Any CPU
		{97B7013C-AA6A-4240-BC7B-9EB4846F5BA0}.Debug|Any CPU.Build.0 = Debug|Any CPU
		{97B7013C-AA6A-4240-BC7B-9EB4846F5BA0}.Release|Any CPU.ActiveCfg = Release|Any CPU
		{97B7013C-AA6A-4240-BC7B-9EB4846F5BA0}.Release|Any CPU.Build.0 = Release|Any CPU
		{08A840A9-5D67-4021-8966-58836C7F8ED3}.Debug|Any CPU.ActiveCfg = Debug|Any CPU
		{08A840A9-5D67-4021-8966-58836C7F8ED3}.Debug|Any CPU.Build.0 = Debug|Any CPU
		{08A840A9-5D67-4021-8966-58836C7F8ED3}.Release|Any CPU.ActiveCfg = Release|Any CPU
		{08A840A9-5D67-4021-8966-58836C7F8ED3}.Release|Any CPU.Build.0 = Release|Any CPU
		{5C025B3D-0658-4AD2-9FBA-CB8AC9DC8592}.Debug|Any CPU.ActiveCfg = Debug|Any CPU
		{5C025B3D-0658-4AD2-9FBA-CB8AC9DC8592}.Debug|Any CPU.Build.0 = Debug|Any CPU
		{5C025B3D-0658-4AD2-9FBA-CB8AC9DC8592}.Release|Any CPU.ActiveCfg = Release|Any CPU
		{5C025B3D-0658-4AD2-9FBA-CB8AC9DC8592}.Release|Any CPU.Build.0 = Release|Any CPU
		{31CD811B-1D4A-432D-8BFD-ED345A869219}.Debug|Any CPU.ActiveCfg = Debug|Any CPU
		{31CD811B-1D4A-432D-8BFD-ED345A869219}.Debug|Any CPU.Build.0 = Debug|Any CPU
		{31CD811B-1D4A-432D-8BFD-ED345A869219}.Release|Any CPU.ActiveCfg = Release|Any CPU
		{31CD811B-1D4A-432D-8BFD-ED345A869219}.Release|Any CPU.Build.0 = Release|Any CPU
		{4FE985CF-FBE6-4492-B0C2-0610776CB3B6}.Debug|Any CPU.ActiveCfg = Debug|Any CPU
		{4FE985CF-FBE6-4492-B0C2-0610776CB3B6}.Debug|Any CPU.Build.0 = Debug|Any CPU
		{4FE985CF-FBE6-4492-B0C2-0610776CB3B6}.Release|Any CPU.ActiveCfg = Release|Any CPU
		{4FE985CF-FBE6-4492-B0C2-0610776CB3B6}.Release|Any CPU.Build.0 = Release|Any CPU
		{903627CB-B921-467F-8015-9F855189E59D}.Debug|Any CPU.ActiveCfg = Debug|Any CPU
		{903627CB-B921-467F-8015-9F855189E59D}.Debug|Any CPU.Build.0 = Debug|Any CPU
		{903627CB-B921-467F-8015-9F855189E59D}.Release|Any CPU.ActiveCfg = Release|Any CPU
		{903627CB-B921-467F-8015-9F855189E59D}.Release|Any CPU.Build.0 = Release|Any CPU
		{CFFC680C-C8EB-4591-992D-5AADE924361D}.Debug|Any CPU.ActiveCfg = Debug|Any CPU
		{CFFC680C-C8EB-4591-992D-5AADE924361D}.Debug|Any CPU.Build.0 = Debug|Any CPU
		{CFFC680C-C8EB-4591-992D-5AADE924361D}.Release|Any CPU.ActiveCfg = Release|Any CPU
		{CFFC680C-C8EB-4591-992D-5AADE924361D}.Release|Any CPU.Build.0 = Release|Any CPU
		{D06330E6-D416-4D79-9E8D-7FFA1740B5DD}.Debug|Any CPU.ActiveCfg = Debug|Any CPU
		{D06330E6-D416-4D79-9E8D-7FFA1740B5DD}.Debug|Any CPU.Build.0 = Debug|Any CPU
		{D06330E6-D416-4D79-9E8D-7FFA1740B5DD}.Release|Any CPU.ActiveCfg = Release|Any CPU
		{D06330E6-D416-4D79-9E8D-7FFA1740B5DD}.Release|Any CPU.Build.0 = Release|Any CPU
		{027BA9CB-6C88-4475-B0E7-F1E8EE759DA6}.Debug|Any CPU.ActiveCfg = Debug|Any CPU
		{027BA9CB-6C88-4475-B0E7-F1E8EE759DA6}.Debug|Any CPU.Build.0 = Debug|Any CPU
		{027BA9CB-6C88-4475-B0E7-F1E8EE759DA6}.Release|Any CPU.ActiveCfg = Release|Any CPU
		{027BA9CB-6C88-4475-B0E7-F1E8EE759DA6}.Release|Any CPU.Build.0 = Release|Any CPU
		{F5223CC2-D168-4AC1-9E08-DD5524A30F49}.Debug|Any CPU.ActiveCfg = Debug|Any CPU
		{F5223CC2-D168-4AC1-9E08-DD5524A30F49}.Debug|Any CPU.Build.0 = Debug|Any CPU
		{F5223CC2-D168-4AC1-9E08-DD5524A30F49}.Release|Any CPU.ActiveCfg = Release|Any CPU
		{F5223CC2-D168-4AC1-9E08-DD5524A30F49}.Release|Any CPU.Build.0 = Release|Any CPU
		{104FED66-4AD0-4878-B2E4-4DE22BAD043B}.Debug|Any CPU.ActiveCfg = Debug|Any CPU
		{104FED66-4AD0-4878-B2E4-4DE22BAD043B}.Debug|Any CPU.Build.0 = Debug|Any CPU
		{104FED66-4AD0-4878-B2E4-4DE22BAD043B}.Release|Any CPU.ActiveCfg = Release|Any CPU
		{104FED66-4AD0-4878-B2E4-4DE22BAD043B}.Release|Any CPU.Build.0 = Release|Any CPU
		{2FE20417-E665-40E5-88BB-D8FBC83EB62D}.Debug|Any CPU.ActiveCfg = Debug|Any CPU
		{2FE20417-E665-40E5-88BB-D8FBC83EB62D}.Debug|Any CPU.Build.0 = Debug|Any CPU
		{2FE20417-E665-40E5-88BB-D8FBC83EB62D}.Release|Any CPU.ActiveCfg = Release|Any CPU
		{2FE20417-E665-40E5-88BB-D8FBC83EB62D}.Release|Any CPU.Build.0 = Release|Any CPU
		{8331FA22-F18D-4D54-B2B9-A6CA39F998F6}.Debug|Any CPU.ActiveCfg = Debug|Any CPU
		{8331FA22-F18D-4D54-B2B9-A6CA39F998F6}.Debug|Any CPU.Build.0 = Debug|Any CPU
		{8331FA22-F18D-4D54-B2B9-A6CA39F998F6}.Release|Any CPU.ActiveCfg = Release|Any CPU
		{8331FA22-F18D-4D54-B2B9-A6CA39F998F6}.Release|Any CPU.Build.0 = Release|Any CPU
		{AADC95F8-3F9A-451D-8790-72B0BA4D09BD}.Debug|Any CPU.ActiveCfg = Debug|Any CPU
		{AADC95F8-3F9A-451D-8790-72B0BA4D09BD}.Debug|Any CPU.Build.0 = Debug|Any CPU
		{AADC95F8-3F9A-451D-8790-72B0BA4D09BD}.Release|Any CPU.ActiveCfg = Release|Any CPU
		{AADC95F8-3F9A-451D-8790-72B0BA4D09BD}.Release|Any CPU.Build.0 = Release|Any CPU
		{5554599E-3B4C-4DB2-9224-ABF3464F1922}.Debug|Any CPU.ActiveCfg = Debug|Any CPU
		{5554599E-3B4C-4DB2-9224-ABF3464F1922}.Debug|Any CPU.Build.0 = Debug|Any CPU
		{5554599E-3B4C-4DB2-9224-ABF3464F1922}.Release|Any CPU.ActiveCfg = Release|Any CPU
		{5554599E-3B4C-4DB2-9224-ABF3464F1922}.Release|Any CPU.Build.0 = Release|Any CPU
		{7CA4A508-0900-4852-8194-F05D50CD6185}.Debug|Any CPU.ActiveCfg = Debug|Any CPU
		{7CA4A508-0900-4852-8194-F05D50CD6185}.Debug|Any CPU.Build.0 = Debug|Any CPU
		{7CA4A508-0900-4852-8194-F05D50CD6185}.Release|Any CPU.ActiveCfg = Release|Any CPU
		{7CA4A508-0900-4852-8194-F05D50CD6185}.Release|Any CPU.Build.0 = Release|Any CPU
		{25F023E9-3522-45C1-915B-B95947F5584C}.Debug|Any CPU.ActiveCfg = Debug|Any CPU
		{25F023E9-3522-45C1-915B-B95947F5584C}.Debug|Any CPU.Build.0 = Debug|Any CPU
		{25F023E9-3522-45C1-915B-B95947F5584C}.Release|Any CPU.ActiveCfg = Release|Any CPU
		{25F023E9-3522-45C1-915B-B95947F5584C}.Release|Any CPU.Build.0 = Release|Any CPU
		{84CC58AE-1857-481E-B310-D51BD69F495E}.Debug|Any CPU.ActiveCfg = Debug|Any CPU
		{84CC58AE-1857-481E-B310-D51BD69F495E}.Debug|Any CPU.Build.0 = Debug|Any CPU
		{84CC58AE-1857-481E-B310-D51BD69F495E}.Release|Any CPU.ActiveCfg = Release|Any CPU
		{84CC58AE-1857-481E-B310-D51BD69F495E}.Release|Any CPU.Build.0 = Release|Any CPU
		{4501B164-588F-4EF0-A9B0-5A1212E8B027}.Debug|Any CPU.ActiveCfg = Debug|Any CPU
		{4501B164-588F-4EF0-A9B0-5A1212E8B027}.Debug|Any CPU.Build.0 = Debug|Any CPU
		{4501B164-588F-4EF0-A9B0-5A1212E8B027}.Release|Any CPU.ActiveCfg = Release|Any CPU
		{4501B164-588F-4EF0-A9B0-5A1212E8B027}.Release|Any CPU.Build.0 = Release|Any CPU
		{BC43BD1C-D85D-46A2-B9E6-737E944A61E4}.Debug|Any CPU.ActiveCfg = Debug|Any CPU
		{BC43BD1C-D85D-46A2-B9E6-737E944A61E4}.Debug|Any CPU.Build.0 = Debug|Any CPU
		{BC43BD1C-D85D-46A2-B9E6-737E944A61E4}.Release|Any CPU.ActiveCfg = Release|Any CPU
		{BC43BD1C-D85D-46A2-B9E6-737E944A61E4}.Release|Any CPU.Build.0 = Release|Any CPU
		{D952F750-BD18-4B0D-AF4A-60FD70BE823C}.Debug|Any CPU.ActiveCfg = Debug|Any CPU
		{D952F750-BD18-4B0D-AF4A-60FD70BE823C}.Debug|Any CPU.Build.0 = Debug|Any CPU
		{D952F750-BD18-4B0D-AF4A-60FD70BE823C}.Release|Any CPU.ActiveCfg = Release|Any CPU
		{D952F750-BD18-4B0D-AF4A-60FD70BE823C}.Release|Any CPU.Build.0 = Release|Any CPU
		{2F5DFB19-5E8F-4978-BC28-71E12CD72038}.Debug|Any CPU.ActiveCfg = Debug|Any CPU
		{2F5DFB19-5E8F-4978-BC28-71E12CD72038}.Debug|Any CPU.Build.0 = Debug|Any CPU
		{2F5DFB19-5E8F-4978-BC28-71E12CD72038}.Release|Any CPU.ActiveCfg = Release|Any CPU
		{2F5DFB19-5E8F-4978-BC28-71E12CD72038}.Release|Any CPU.Build.0 = Release|Any CPU
		{EF75DAE2-F13F-4EAA-AC0D-DB6309341019}.Debug|Any CPU.ActiveCfg = Debug|Any CPU
		{EF75DAE2-F13F-4EAA-AC0D-DB6309341019}.Debug|Any CPU.Build.0 = Debug|Any CPU
		{EF75DAE2-F13F-4EAA-AC0D-DB6309341019}.Release|Any CPU.ActiveCfg = Release|Any CPU
		{EF75DAE2-F13F-4EAA-AC0D-DB6309341019}.Release|Any CPU.Build.0 = Release|Any CPU
		{08FA2901-1248-4D5E-BC70-470862189625}.Debug|Any CPU.ActiveCfg = Debug|Any CPU
		{08FA2901-1248-4D5E-BC70-470862189625}.Debug|Any CPU.Build.0 = Debug|Any CPU
		{08FA2901-1248-4D5E-BC70-470862189625}.Release|Any CPU.ActiveCfg = Release|Any CPU
		{08FA2901-1248-4D5E-BC70-470862189625}.Release|Any CPU.Build.0 = Release|Any CPU
	EndGlobalSection
	GlobalSection(SolutionProperties) = preSolution
		HideSolutionNode = FALSE
	EndGlobalSection
	GlobalSection(NestedProjects) = preSolution
		{C9BCD6B4-3721-430E-B8AA-790A27D07C3C} = {156A4249-0DF9-4B6F-A75A-4566001F07FD}
		{9EDD6C38-0425-4987-A5C6-5EBC844D7D9C} = {CD6EE84F-0255-4FBF-9F30-9C5B718D33A8}
		{5A5CF5F5-0ABE-4581-988F-B52DC1CB6470} = {7B3BD6A0-45CE-4837-9AFE-758A69E8E11A}
		{D4FC9502-C99D-4553-8F61-FFD72FC6CE25} = {7B3BD6A0-45CE-4837-9AFE-758A69E8E11A}
		{3DC3B8AF-8C0D-4D68-8ED2-F18FE15C1CBD} = {7B3BD6A0-45CE-4837-9AFE-758A69E8E11A}
		{C621CAC5-CFED-4388-97E9-73BC5747664E} = {7B3BD6A0-45CE-4837-9AFE-758A69E8E11A}
		{D212F25E-95B2-4796-AD8C-8282DBDE79C6} = {7B3BD6A0-45CE-4837-9AFE-758A69E8E11A}
		{9E16F893-8D25-41F4-B7F5-91210900392E} = {9BDE83C9-1D23-49AA-9CE6-DC68D6FB4FD4}
		{2B2DEB70-90ED-4C66-B9B5-F8BDF5925D90} = {9BDE83C9-1D23-49AA-9CE6-DC68D6FB4FD4}
		{16407459-504F-4012-817F-8E5D363BAA3C} = {9BDE83C9-1D23-49AA-9CE6-DC68D6FB4FD4}
		{94D1F99F-6447-4121-9DA7-1E32B4EA60A5} = {9BDE83C9-1D23-49AA-9CE6-DC68D6FB4FD4}
		{784D28CF-AC18-43D4-849B-84762E8978DC} = {9BDE83C9-1D23-49AA-9CE6-DC68D6FB4FD4}
		{21CE45F1-D954-4186-85F7-3B623C4AFC97} = {9BDE83C9-1D23-49AA-9CE6-DC68D6FB4FD4}
		{B04A665C-88D9-443C-A9AE-011695D51839} = {FCC0B082-4C29-4D8C-9009-7C46480F78E1}
		{BAF9BA85-316D-4D02-88A1-DCF17716AD35} = {FCC0B082-4C29-4D8C-9009-7C46480F78E1}
		{7A1EA0D4-EF9E-4644-8B64-FBF86B09261A} = {FCC0B082-4C29-4D8C-9009-7C46480F78E1}
		{97B7013C-AA6A-4240-BC7B-9EB4846F5BA0} = {FCC0B082-4C29-4D8C-9009-7C46480F78E1}
		{08A840A9-5D67-4021-8966-58836C7F8ED3} = {49FA0EFA-AE13-4B77-B827-030F6E043DF8}
		{5C025B3D-0658-4AD2-9FBA-CB8AC9DC8592} = {49FA0EFA-AE13-4B77-B827-030F6E043DF8}
		{31CD811B-1D4A-432D-8BFD-ED345A869219} = {49FA0EFA-AE13-4B77-B827-030F6E043DF8}
		{4FE985CF-FBE6-4492-B0C2-0610776CB3B6} = {49FA0EFA-AE13-4B77-B827-030F6E043DF8}
		{903627CB-B921-467F-8015-9F855189E59D} = {49FA0EFA-AE13-4B77-B827-030F6E043DF8}
		{CFFC680C-C8EB-4591-992D-5AADE924361D} = {49FA0EFA-AE13-4B77-B827-030F6E043DF8}
		{D06330E6-D416-4D79-9E8D-7FFA1740B5DD} = {49FA0EFA-AE13-4B77-B827-030F6E043DF8}
		{027BA9CB-6C88-4475-B0E7-F1E8EE759DA6} = {49FA0EFA-AE13-4B77-B827-030F6E043DF8}
		{F5223CC2-D168-4AC1-9E08-DD5524A30F49} = {49FA0EFA-AE13-4B77-B827-030F6E043DF8}
		{104FED66-4AD0-4878-B2E4-4DE22BAD043B} = {49FA0EFA-AE13-4B77-B827-030F6E043DF8}
		{2FE20417-E665-40E5-88BB-D8FBC83EB62D} = {49FA0EFA-AE13-4B77-B827-030F6E043DF8}
		{8331FA22-F18D-4D54-B2B9-A6CA39F998F6} = {49FA0EFA-AE13-4B77-B827-030F6E043DF8}
		{AADC95F8-3F9A-451D-8790-72B0BA4D09BD} = {49FA0EFA-AE13-4B77-B827-030F6E043DF8}
		{5554599E-3B4C-4DB2-9224-ABF3464F1922} = {29B2F76E-22E3-4E88-9051-8B3D82C02412}
		{7CA4A508-0900-4852-8194-F05D50CD6185} = {29B2F76E-22E3-4E88-9051-8B3D82C02412}
		{25F023E9-3522-45C1-915B-B95947F5584C} = {29B2F76E-22E3-4E88-9051-8B3D82C02412}
		{84CC58AE-1857-481E-B310-D51BD69F495E} = {29B2F76E-22E3-4E88-9051-8B3D82C02412}
		{4501B164-588F-4EF0-A9B0-5A1212E8B027} = {29B2F76E-22E3-4E88-9051-8B3D82C02412}
		{BC43BD1C-D85D-46A2-B9E6-737E944A61E4} = {29B2F76E-22E3-4E88-9051-8B3D82C02412}
		{D952F750-BD18-4B0D-AF4A-60FD70BE823C} = {29B2F76E-22E3-4E88-9051-8B3D82C02412}
		{2F5DFB19-5E8F-4978-BC28-71E12CD72038} = {29B2F76E-22E3-4E88-9051-8B3D82C02412}
		{EF75DAE2-F13F-4EAA-AC0D-DB6309341019} = {29B2F76E-22E3-4E88-9051-8B3D82C02412}
		{08FA2901-1248-4D5E-BC70-470862189625} = {29B2F76E-22E3-4E88-9051-8B3D82C02412}
	EndGlobalSection
	GlobalSection(ExtensibilityGlobals) = postSolution
		SolutionGuid = {3E504392-6E75-4D44-B9C5-BDC433EFC693}
	EndGlobalSection
EndGlobal
